{
  "object": {
    "pins": [
      {
        "package": "Args",
        "repositoryURL": "https://github.com/getGuaka/Args.git",
        "state": {
          "branch": null,
          "revision": "f58452117e865bf1b7c6fc29a4368e207c1f5c24",
          "version": "0.1.1"
        }
      },
      {
        "package": "Colorizer",
        "repositoryURL": "https://github.com/getGuaka/Colorizer.git",
        "state": {
          "branch": null,
          "revision": "2ccc99bf1715e73c4139e8d40b6e6b30be975586",
          "version": "0.2.1"
        }
      },
      {
        "package": "XcodeReleases",
        "repositoryURL": "https://github.com/xcodereleases/data.git",
        "state": {
          "branch": "master",
          "revision": "8d3beae774dfc07b89433302c7f030152aa58e0f",
          "version": null
        }
      },
      {
        "package": "Guaka",
        "repositoryURL": "https://github.com/nsomar/Guaka.git",
        "state": {
          "branch": "master",
          "revision": "e52eb523b152e04fa5dff56bed01e805062ce0ff",
          "version": null
        }
      },
      {
        "package": "Nimble",
        "repositoryURL": "https://github.com/Quick/Nimble.git",
        "state": {
          "branch": null,
          "revision": "e9d769113660769a4d9dd3afb855562c0b7ae7b0",
          "version": "7.3.4"
        }
      },
      {
        "package": "Prompt",
        "repositoryURL": "https://github.com/getGuaka/Prompt.git",
        "state": {
          "branch": null,
          "revision": "265f929fda31c59d7dc5f1c674fd435e41dd9881",
          "version": "0.1.1"
        }
      },
      {
        "package": "Quick",
        "repositoryURL": "https://github.com/Quick/Quick.git",
        "state": {
          "branch": null,
          "revision": "f2b5a06440ea87eba1a167cab37bf6496646c52e",
          "version": "1.3.4"
        }
      },
      {
        "package": "Run",
        "repositoryURL": "https://github.com/getGuaka/Run.git",
        "state": {
          "branch": null,
          "revision": "5a2866c0ae4266e0406d85f16adf65a30a626d7f",
          "version": "0.1.1"
        }
      },
      {
        "package": "StringScanner",
        "repositoryURL": "https://github.com/getGuaka/StringScanner.git",
        "state": {
          "branch": null,
          "revision": "de1685ad202cb586d626ed52d6de904dd34189f3",
          "version": "0.4.1"
        }
      }
    ]
  },
  "version": 1
}
